
Microsoft Visual Studio Solution File, Format Version 12.00
# Visual Studio Version 16
VisualStudioVersion = 16.0.30907.101
MinimumVisualStudioVersion = 10.0.40219.1
Project("{FAE04EC0-301F-11D3-BF4B-00C04F79EFBC}") = "Ammunition", "Ammunition.csproj", "{1FB8A71F-904C-4A74-8BA4-5C7B894846C9}"
EndProject
Global
	GlobalSection(SolutionConfigurationPlatforms) = preSolution
		Debug|Any CPU = Debug|Any CPU
		Release|Any CPU = Release|Any CPU
	EndGlobalSection
	GlobalSection(ProjectConfigurationPlatforms) = postSolution
		{1FB8A71F-904C-4A74-8BA4-5C7B894846C9}.Debug|Any CPU.ActiveCfg = Debug|Any CPU
		{1FB8A71F-904C-4A74-8BA4-5C7B894846C9}.Debug|Any CPU.Build.0 = Debug|Any CPU
		{1FB8A71F-904C-4A74-8BA4-5C7B894846C9}.Release|Any CPU.ActiveCfg = Release|Any CPU
		{1FB8A71F-904C-4A74-8BA4-5C7B894846C9}.Release|Any CPU.Build.0 = Release|Any CPU
	EndGlobalSection
	GlobalSection(SolutionProperties) = preSolution
		HideSolutionNode = FALSE
	EndGlobalSection
	GlobalSection(ExtensibilityGlobals) = postSolution
		SolutionGuid = {56F61B62-8A92-4520-87B8-A7F9BA3EC61D}
	EndGlobalSection
EndGlobal
